
Microsoft Visual Studio Solution File, Format Version 12.00
# Visual Studio Version 16
VisualStudioVersion = 16.0.30002.166
MinimumVisualStudioVersion = 10.0.40219.1
Project("{FAE04EC0-301F-11D3-BF4B-00C04F79EFBC}") = "DatabaseCD", "DatabaseCD\DatabaseCD.csproj", "{94AF56B2-B047-484A-9A08-5B29C46158C2}"
EndProject
Project("{FAE04EC0-301F-11D3-BF4B-00C04F79EFBC}") = "RateMyCourse", "..\RateMyCourse\RateMyCourse\RateMyCourse.csproj", "{2514EC7D-363B-43B5-90D8-7DA9B85B711E}"
EndProject
Global
	GlobalSection(SolutionConfigurationPlatforms) = preSolution
		Debug|Any CPU = Debug|Any CPU
		Debug|x86 = Debug|x86
		Release|Any CPU = Release|Any CPU
		Release|x86 = Release|x86
	EndGlobalSection
	GlobalSection(ProjectConfigurationPlatforms) = postSolution
		{94AF56B2-B047-484A-9A08-5B29C46158C2}.Debug|Any CPU.ActiveCfg = Debug|Any CPU
		{94AF56B2-B047-484A-9A08-5B29C46158C2}.Debug|Any CPU.Build.0 = Debug|Any CPU
		{94AF56B2-B047-484A-9A08-5B29C46158C2}.Debug|x86.ActiveCfg = Debug|x86
		{94AF56B2-B047-484A-9A08-5B29C46158C2}.Debug|x86.Build.0 = Debug|x86
		{94AF56B2-B047-484A-9A08-5B29C46158C2}.Release|Any CPU.ActiveCfg = Release|Any CPU
		{94AF56B2-B047-484A-9A08-5B29C46158C2}.Release|Any CPU.Build.0 = Release|Any CPU
		{94AF56B2-B047-484A-9A08-5B29C46158C2}.Release|x86.ActiveCfg = Release|x86
		{94AF56B2-B047-484A-9A08-5B29C46158C2}.Release|x86.Build.0 = Release|x86
		{2514EC7D-363B-43B5-90D8-7DA9B85B711E}.Debug|Any CPU.ActiveCfg = Debug|Any CPU
		{2514EC7D-363B-43B5-90D8-7DA9B85B711E}.Debug|Any CPU.Build.0 = Debug|Any CPU
		{2514EC7D-363B-43B5-90D8-7DA9B85B711E}.Debug|x86.ActiveCfg = Debug|Any CPU
		{2514EC7D-363B-43B5-90D8-7DA9B85B711E}.Debug|x86.Build.0 = Debug|Any CPU
		{2514EC7D-363B-43B5-90D8-7DA9B85B711E}.Release|Any CPU.ActiveCfg = Release|Any CPU
		{2514EC7D-363B-43B5-90D8-7DA9B85B711E}.Release|Any CPU.Build.0 = Release|Any CPU
		{2514EC7D-363B-43B5-90D8-7DA9B85B711E}.Release|x86.ActiveCfg = Release|Any CPU
		{2514EC7D-363B-43B5-90D8-7DA9B85B711E}.Release|x86.Build.0 = Release|Any CPU
	EndGlobalSection
	GlobalSection(SolutionProperties) = preSolution
		HideSolutionNode = FALSE
	EndGlobalSection
	GlobalSection(ExtensibilityGlobals) = postSolution
		SolutionGuid = {DA683888-A7CE-4AE3-8DB3-802A8CF48A9A}
	EndGlobalSection
EndGlobal
